
Microsoft Visual Studio Solution File, Format Version 12.00
# Visual Studio Version 16
VisualStudioVersion = 16.0.30428.66
MinimumVisualStudioVersion = 10.0.40219.1
Project("{9A19103F-16F7-4668-BE54-9A1E7A4F7556}") = "SharpILMixins.Annotations", "SharpILMixins.Annotations\SharpILMixins.Annotations.csproj", "{1852D59D-E2B4-4500-B878-B00C8BE83DBB}"
EndProject
Project("{9A19103F-16F7-4668-BE54-9A1E7A4F7556}") = "SharpILMixins.Processor", "SharpILMixins.Processor\SharpILMixins.Processor.csproj", "{C45FCA02-021B-4F5A-A8FC-9413B9A0855E}"
EndProject
Project("{2150E333-8FDC-42A3-9474-1A3956D46DE8}") = "Samples", "Samples", "{0AFD3280-DBC0-467E-93D9-AB2CA67A6E40}"
EndProject
Project("{9A19103F-16F7-4668-BE54-9A1E7A4F7556}") = "SampleProjectCore", "Samples\SampleProjectCore\SampleProjectCore.csproj", "{BDCC4479-690A-4F53-A831-D33EF1C05789}"
EndProject
Project("{9A19103F-16F7-4668-BE54-9A1E7A4F7556}") = "SampleProjectCoreMixins", "Samples\SampleProjectCoreMixins\SampleProjectCoreMixins.csproj", "{F0A944B5-F730-4CED-B83C-6945B9E81124}"
EndProject
Project("{2150E333-8FDC-42A3-9474-1A3956D46DE8}") = "Core", "Core", "{C5FBFB1B-D49C-40EC-8061-0DA5090B7EFC}"
EndProject
Project("{2150E333-8FDC-42A3-9474-1A3956D46DE8}") = "Framework", "Framework", "{2177F8D4-F3BA-4980-8F29-9067CC443835}"
EndProject
Project("{FAE04EC0-301F-11D3-BF4B-00C04F79EFBC}") = "SampleProjectFramework", "Samples\SampleProjectFramework\SampleProjectFramework.csproj", "{DAED2FB6-3533-40D7-B2D3-72EF1D99F405}"
EndProject
Project("{FAE04EC0-301F-11D3-BF4B-00C04F79EFBC}") = "SampleProjectFrameworkMixins", "Samples\SampleProjectFrameworkMixins\SampleProjectFrameworkMixins.csproj", "{6FE86A82-D5D9-4816-B269-E9D108A1A7CA}"
EndProject
Project("{2150E333-8FDC-42A3-9474-1A3956D46DE8}") = "Bootstrap", "Bootstrap", "{9A3415C7-B2F8-4984-BBD8-AC2F80519F8D}"
EndProject
Project("{D954291E-2A0B-460D-934E-DC6B0785DB48}") = "BootstrapCore", "Bootstrap\BootstrapCore\BootstrapCore.shproj", "{1611F80C-B6DF-4561-9287-49A714960A7F}"
EndProject
Global
	GlobalSection(SharedMSBuildProjectFiles) = preSolution
		Bootstrap\BootstrapCore\BootstrapCore.projitems*{1611f80c-b6df-4561-9287-49a714960a7f}*SharedItemsImports = 13
	EndGlobalSection
	GlobalSection(SolutionConfigurationPlatforms) = preSolution
		Debug|Any CPU = Debug|Any CPU
		Release|Any CPU = Release|Any CPU
	EndGlobalSection
	GlobalSection(ProjectConfigurationPlatforms) = postSolution
		{1852D59D-E2B4-4500-B878-B00C8BE83DBB}.Debug|Any CPU.ActiveCfg = Debug|Any CPU
		{1852D59D-E2B4-4500-B878-B00C8BE83DBB}.Debug|Any CPU.Build.0 = Debug|Any CPU
		{1852D59D-E2B4-4500-B878-B00C8BE83DBB}.Release|Any CPU.ActiveCfg = Release|Any CPU
		{1852D59D-E2B4-4500-B878-B00C8BE83DBB}.Release|Any CPU.Build.0 = Release|Any CPU
		{C45FCA02-021B-4F5A-A8FC-9413B9A0855E}.Debug|Any CPU.ActiveCfg = Debug|Any CPU
		{C45FCA02-021B-4F5A-A8FC-9413B9A0855E}.Debug|Any CPU.Build.0 = Debug|Any CPU
		{C45FCA02-021B-4F5A-A8FC-9413B9A0855E}.Release|Any CPU.ActiveCfg = Release|Any CPU
		{C45FCA02-021B-4F5A-A8FC-9413B9A0855E}.Release|Any CPU.Build.0 = Release|Any CPU
		{BDCC4479-690A-4F53-A831-D33EF1C05789}.Debug|Any CPU.ActiveCfg = Debug|Any CPU
		{BDCC4479-690A-4F53-A831-D33EF1C05789}.Debug|Any CPU.Build.0 = Debug|Any CPU
		{BDCC4479-690A-4F53-A831-D33EF1C05789}.Release|Any CPU.ActiveCfg = Release|Any CPU
		{BDCC4479-690A-4F53-A831-D33EF1C05789}.Release|Any CPU.Build.0 = Release|Any CPU
		{F0A944B5-F730-4CED-B83C-6945B9E81124}.Debug|Any CPU.ActiveCfg = Debug|Any CPU
		{F0A944B5-F730-4CED-B83C-6945B9E81124}.Debug|Any CPU.Build.0 = Debug|Any CPU
		{F0A944B5-F730-4CED-B83C-6945B9E81124}.Release|Any CPU.ActiveCfg = Release|Any CPU
		{F0A944B5-F730-4CED-B83C-6945B9E81124}.Release|Any CPU.Build.0 = Release|Any CPU
		{DAED2FB6-3533-40D7-B2D3-72EF1D99F405}.Debug|Any CPU.ActiveCfg = Debug|Any CPU
		{DAED2FB6-3533-40D7-B2D3-72EF1D99F405}.Debug|Any CPU.Build.0 = Debug|Any CPU
		{DAED2FB6-3533-40D7-B2D3-72EF1D99F405}.Release|Any CPU.ActiveCfg = Release|Any CPU
		{DAED2FB6-3533-40D7-B2D3-72EF1D99F405}.Release|Any CPU.Build.0 = Release|Any CPU
		{6FE86A82-D5D9-4816-B269-E9D108A1A7CA}.Debug|Any CPU.ActiveCfg = Debug|Any CPU
		{6FE86A82-D5D9-4816-B269-E9D108A1A7CA}.Debug|Any CPU.Build.0 = Debug|Any CPU
		{6FE86A82-D5D9-4816-B269-E9D108A1A7CA}.Release|Any CPU.ActiveCfg = Release|Any CPU
		{6FE86A82-D5D9-4816-B269-E9D108A1A7CA}.Release|Any CPU.Build.0 = Release|Any CPU
	EndGlobalSection
	GlobalSection(SolutionProperties) = preSolution
		HideSolutionNode = FALSE
	EndGlobalSection
	GlobalSection(NestedProjects) = preSolution
		{BDCC4479-690A-4F53-A831-D33EF1C05789} = {C5FBFB1B-D49C-40EC-8061-0DA5090B7EFC}
		{F0A944B5-F730-4CED-B83C-6945B9E81124} = {C5FBFB1B-D49C-40EC-8061-0DA5090B7EFC}
		{C5FBFB1B-D49C-40EC-8061-0DA5090B7EFC} = {0AFD3280-DBC0-467E-93D9-AB2CA67A6E40}
		{2177F8D4-F3BA-4980-8F29-9067CC443835} = {0AFD3280-DBC0-467E-93D9-AB2CA67A6E40}
		{DAED2FB6-3533-40D7-B2D3-72EF1D99F405} = {2177F8D4-F3BA-4980-8F29-9067CC443835}
		{6FE86A82-D5D9-4816-B269-E9D108A1A7CA} = {2177F8D4-F3BA-4980-8F29-9067CC443835}
		{1611F80C-B6DF-4561-9287-49A714960A7F} = {9A3415C7-B2F8-4984-BBD8-AC2F80519F8D}
	EndGlobalSection
	GlobalSection(ExtensibilityGlobals) = postSolution
		SolutionGuid = {B22D16A2-A9FD-4407-A6A4-05BAF8D8F440}
	EndGlobalSection
EndGlobal
